// !$*UTF8*$!
{
	archiveVersion = 1;
	classes = {
	};
	objectVersion = 70;
	objects = {

/* Begin PBXBuildFile section */
		5021854B2E857D4800E6F003 /* GoogleService-Info.plist in Resources */ = {isa = PBXBuildFile; fileRef = 5021854A2E857D4800E6F003 /* GoogleService-Info.plist */; };
		5021854F2E85859000E6F003 /* FirebaseAnalytics in Frameworks */ = {isa = PBXBuildFile; productRef = 5021854E2E85859000E6F003 /* FirebaseAnalytics */; };
		502185512E85859000E6F003 /* FirebaseCrashlytics in Frameworks */ = {isa = PBXBuildFile; productRef = 502185502E85859000E6F003 /* FirebaseCrashlytics */; };
		502185532E85859000E6F003 /* FirebaseRemoteConfig in Frameworks */ = {isa = PBXBuildFile; productRef = 502185522E85859000E6F003 /* FirebaseRemoteConfig */; };
		504ECD3D2DE84CA100C95D80 /* Alfy in Frameworks */ = {isa = PBXBuildFile; productRef = 504ECD3C2DE84CA100C95D80 /* Alfy */; };
		50EF9FBC2CD3846B0066CAAE /* meteocatApp.swift in Sources */ = {isa = PBXBuildFile; fileRef = 50EF9FBB2CD3846B0066CAAE /* meteocatApp.swift */; };
		50EF9FC22CD3846D0066CAAE /* Assets.xcassets in Resources */ = {isa = PBXBuildFile; fileRef = 50EF9FC12CD3846D0066CAAE /* Assets.xcassets */; };
		50EF9FC52CD3846D0066CAAE /* Preview Assets.xcassets in Resources */ = {isa = PBXBuildFile; fileRef = 50EF9FC42CD3846D0066CAAE /* Preview Assets.xcassets */; };
/* End PBXBuildFile section */

/* Begin PBXFileReference section */
		5021854A2E857D4800E6F003 /* GoogleService-Info.plist */ = {isa = PBXFileReference; lastKnownFileType = text.plist.xml; path = "GoogleService-Info.plist"; sourceTree = "<group>"; };
		50EF9FB82CD3846B0066CAAE /* meteocat.app */ = {isa = PBXFileReference; explicitFileType = wrapper.application; includeInIndex = 0; path = meteocat.app; sourceTree = BUILT_PRODUCTS_DIR; };
		50EF9FBB2CD3846B0066CAAE /* meteocatApp.swift */ = {isa = PBXFileReference; lastKnownFileType = sourcecode.swift; path = meteocatApp.swift; sourceTree = "<group>"; };
		50EF9FC12CD3846D0066CAAE /* Assets.xcassets */ = {isa = PBXFileReference; lastKnownFileType = folder.assetcatalog; path = Assets.xcassets; sourceTree = "<group>"; };
		50EF9FC42CD3846D0066CAAE /* Preview Assets.xcassets */ = {isa = PBXFileReference; lastKnownFileType = folder.assetcatalog; path = "Preview Assets.xcassets"; sourceTree = "<group>"; };
/* End PBXFileReference section */

/* Begin PBXFileSystemSynchronizedRootGroup section */
		501BA3EB2D6A32D60052F40B /* Model */ = {isa = PBXFileSystemSynchronizedRootGroup; explicitFileTypes = {}; explicitFolders = (); path = Model; sourceTree = "<group>"; };
		501BA3EC2D6A32F10052F40B /* Network */ = {isa = PBXFileSystemSynchronizedRootGroup; explicitFileTypes = {}; explicitFolders = (); path = Network; sourceTree = "<group>"; };
		507F0C662D537DB100322649 /* Components */ = {isa = PBXFileSystemSynchronizedRootGroup; explicitFileTypes = {}; explicitFolders = (); path = Components; sourceTree = "<group>"; };
		50AFCF182D6B742100B47404 /* DTO */ = {isa = PBXFileSystemSynchronizedRootGroup; explicitFileTypes = {}; explicitFolders = (); path = DTO; sourceTree = "<group>"; };
		50EA91502D54FC4900E22B0A /* Helpers */ = {isa = PBXFileSystemSynchronizedRootGroup; explicitFileTypes = {}; explicitFolders = (); path = Helpers; sourceTree = "<group>"; };
		50EA91562D550E7C00E22B0A /* UserPreferences */ = {isa = PBXFileSystemSynchronizedRootGroup; explicitFileTypes = {}; explicitFolders = (); path = UserPreferences; sourceTree = "<group>"; };
		50F89E3C2D52036F00F7884F /* Views */ = {isa = PBXFileSystemSynchronizedRootGroup; explicitFileTypes = {}; explicitFolders = (); path = Views; sourceTree = "<group>"; };
/* End PBXFileSystemSynchronizedRootGroup section */

/* Begin PBXFrameworksBuildPhase section */
		50EF9FB52CD3846B0066CAAE /* Frameworks */ = {
			isa = PBXFrameworksBuildPhase;
			buildActionMask = 2147483647;
			files = (
				502185512E85859000E6F003 /* FirebaseCrashlytics in Frameworks */,
				5021854F2E85859000E6F003 /* FirebaseAnalytics in Frameworks */,
				504ECD3D2DE84CA100C95D80 /* Alfy in Frameworks */,
				502185532E85859000E6F003 /* FirebaseRemoteConfig in Frameworks */,
			);
			runOnlyForDeploymentPostprocessing = 0;
		};
/* End PBXFrameworksBuildPhase section */

/* Begin PBXGroup section */
		50EF9FAF2CD3846B0066CAAE = {
			isa = PBXGroup;
			children = (
				50EF9FBA2CD3846B0066CAAE /* meteocat */,
				50EF9FB92CD3846B0066CAAE /* Products */,
			);
			sourceTree = "<group>";
		};
		50EF9FB92CD3846B0066CAAE /* Products */ = {
			isa = PBXGroup;
			children = (
				50EF9FB82CD3846B0066CAAE /* meteocat.app */,
			);
			name = Products;
			sourceTree = "<group>";
		};
		50EF9FBA2CD3846B0066CAAE /* meteocat */ = {
			isa = PBXGroup;
			children = (
				50EF9FC12CD3846D0066CAAE /* Assets.xcassets */,
				507F0C662D537DB100322649 /* Components */,
				50AFCF182D6B742100B47404 /* DTO */,
				50EA91502D54FC4900E22B0A /* Helpers */,
				50EF9FBB2CD3846B0066CAAE /* meteocatApp.swift */,
				501BA3EB2D6A32D60052F40B /* Model */,
				501BA3EC2D6A32F10052F40B /* Network */,
				50EF9FC32CD3846D0066CAAE /* Preview Content */,
				50EA91562D550E7C00E22B0A /* UserPreferences */,
				50F89E3C2D52036F00F7884F /* Views */,
				5021854A2E857D4800E6F003 /* GoogleService-Info.plist */,
			);
			path = meteocat;
			sourceTree = "<group>";
		};
		50EF9FC32CD3846D0066CAAE /* Preview Content */ = {
			isa = PBXGroup;
			children = (
				50EF9FC42CD3846D0066CAAE /* Preview Assets.xcassets */,
			);
			path = "Preview Content";
			sourceTree = "<group>";
		};
/* End PBXGroup section */

/* Begin PBXNativeTarget section */
		50EF9FB72CD3846B0066CAAE /* meteocat */ = {
			isa = PBXNativeTarget;
			buildConfigurationList = 50EF9FC82CD3846D0066CAAE /* Build configuration list for PBXNativeTarget "meteocat" */;
			buildPhases = (
				50EF9FB42CD3846B0066CAAE /* Sources */,
				50EF9FB52CD3846B0066CAAE /* Frameworks */,
				50EF9FB62CD3846B0066CAAE /* Resources */,
				5021854C2E857D8600E6F003 /* Crashlytics */,
			);
			buildRules = (
			);
			dependencies = (
			);
			fileSystemSynchronizedGroups = (
				501BA3EB2D6A32D60052F40B /* Model */,
				501BA3EC2D6A32F10052F40B /* Network */,
				507F0C662D537DB100322649 /* Components */,
				50AFCF182D6B742100B47404 /* DTO */,
				50EA91502D54FC4900E22B0A /* Helpers */,
				50EA91562D550E7C00E22B0A /* UserPreferences */,
				50F89E3C2D52036F00F7884F /* Views */,
			);
			name = meteocat;
			packageProductDependencies = (
				504ECD3C2DE84CA100C95D80 /* Alfy */,
				5021854E2E85859000E6F003 /* FirebaseAnalytics */,
				502185502E85859000E6F003 /* FirebaseCrashlytics */,
				502185522E85859000E6F003 /* FirebaseRemoteConfig */,
			);
			productName = meteocat;
			productReference = 50EF9FB82CD3846B0066CAAE /* meteocat.app */;
			productType = "com.apple.product-type.application";
		};
/* End PBXNativeTarget section */

/* Begin PBXProject section */
		50EF9FB02CD3846B0066CAAE /* Project object */ = {
			isa = PBXProject;
			attributes = {
				BuildIndependentTargetsInParallel = 1;
				LastSwiftUpdateCheck = 1520;
				LastUpgradeCheck = 1520;
				TargetAttributes = {
					50EF9FB72CD3846B0066CAAE = {
						CreatedOnToolsVersion = 15.2;
					};
				};
			};
			buildConfigurationList = 50EF9FB32CD3846B0066CAAE /* Build configuration list for PBXProject "meteocat" */;
			compatibilityVersion = "Xcode 14.0";
			developmentRegion = en;
			hasScannedForEncodings = 0;
			knownRegions = (
				en,
				Base,
			);
			mainGroup = 50EF9FAF2CD3846B0066CAAE;
			packageReferences = (
				504ECD3B2DE84CA100C95D80 /* XCRemoteSwiftPackageReference "Alfy" */,
				5021854D2E85859000E6F003 /* XCRemoteSwiftPackageReference "firebase-ios-sdk" */,
			);
			productRefGroup = 50EF9FB92CD3846B0066CAAE /* Products */;
			projectDirPath = "";
			projectRoot = "";
			targets = (
				50EF9FB72CD3846B0066CAAE /* meteocat */,
			);
		};
/* End PBXProject section */

/* Begin PBXResourcesBuildPhase section */
		50EF9FB62CD3846B0066CAAE /* Resources */ = {
			isa = PBXResourcesBuildPhase;
			buildActionMask = 2147483647;
			files = (
				50EF9FC52CD3846D0066CAAE /* Preview Assets.xcassets in Resources */,
				50EF9FC22CD3846D0066CAAE /* Assets.xcassets in Resources */,
				5021854B2E857D4800E6F003 /* GoogleService-Info.plist in Resources */,
			);
			runOnlyForDeploymentPostprocessing = 0;
		};
/* End PBXResourcesBuildPhase section */

/* Begin PBXShellScriptBuildPhase section */
		5021854C2E857D8600E6F003 /* Crashlytics */ = {
			isa = PBXShellScriptBuildPhase;
			buildActionMask = 2147483647;
			files = (
			);
			inputFileListPaths = (
			);
			inputPaths = (
				"${DWARF_DSYM_FOLDER_PATH}/${DWARF_DSYM_FILE_NAME}",
				"${DWARF_DSYM_FOLDER_PATH}/${DWARF_DSYM_FILE_NAME}/Contents/Resources/DWARF/${PRODUCT_NAME}",
				"${DWARF_DSYM_FOLDER_PATH}/${DWARF_DSYM_FILE_NAME}/Contents/Info.plist",
				"$(TARGET_BUILD_DIR)/$(UNLOCALIZED_RESOURCES_FOLDER_PATH)/GoogleService-Info.plist",
				"$(TARGET_BUILD_DIR)/$(EXECUTABLE_PATH)",
				"${DWARF_DSYM_FOLDER_PATH}/${DWARF_DSYM_FILE_NAME}/Contents/Resources/DWARF/${TARGET_NAME}",
				"$(SRCROOT)/$(BUILT_PRODUCTS_DIR)/$(INFOPLIST_PATH)",
			);
			name = Crashlytics;
			outputFileListPaths = (
			);
			outputPaths = (
			);
			runOnlyForDeploymentPostprocessing = 0;
			shellPath = /bin/sh;
			shellScript = "\"${BUILD_DIR%/Build/*}/SourcePackages/checkouts/firebase-ios-sdk/Crashlytics/run\"\n";
		};
/* End PBXShellScriptBuildPhase section */

/* Begin PBXSourcesBuildPhase section */
		50EF9FB42CD3846B0066CAAE /* Sources */ = {
			isa = PBXSourcesBuildPhase;
			buildActionMask = 2147483647;
			files = (
				50EF9FBC2CD3846B0066CAAE /* meteocatApp.swift in Sources */,
			);
			runOnlyForDeploymentPostprocessing = 0;
		};
/* End PBXSourcesBuildPhase section */

/* Begin XCBuildConfiguration section */
		50EF9FC62CD3846D0066CAAE /* Debug */ = {
			isa = XCBuildConfiguration;
			buildSettings = {
				ALWAYS_SEARCH_USER_PATHS = NO;
				ASSETCATALOG_COMPILER_GENERATE_SWIFT_ASSET_SYMBOL_EXTENSIONS = YES;
				CLANG_ANALYZER_NONNULL = YES;
				CLANG_ANALYZER_NUMBER_OBJECT_CONVERSION = YES_AGGRESSIVE;
				CLANG_CXX_LANGUAGE_STANDARD = "gnu++20";
				CLANG_ENABLE_MODULES = YES;
				CLANG_ENABLE_OBJC_ARC = YES;
				CLANG_ENABLE_OBJC_WEAK = YES;
				CLANG_WARN_BLOCK_CAPTURE_AUTORELEASING = YES;
				CLANG_WARN_BOOL_CONVERSION = YES;
				CLANG_WARN_COMMA = YES;
				CLANG_WARN_CONSTANT_CONVERSION = YES;
				CLANG_WARN_DEPRECATED_OBJC_IMPLEMENTATIONS = YES;
				CLANG_WARN_DIRECT_OBJC_ISA_USAGE = YES_ERROR;
				CLANG_WARN_DOCUMENTATION_COMMENTS = YES;
				CLANG_WARN_EMPTY_BODY = YES;
				CLANG_WARN_ENUM_CONVERSION = YES;
				CLANG_WARN_INFINITE_RECURSION = YES;
				CLANG_WARN_INT_CONVERSION = YES;
				CLANG_WARN_NON_LITERAL_NULL_CONVERSION = YES;
				CLANG_WARN_OBJC_IMPLICIT_RETAIN_SELF = YES;
				CLANG_WARN_OBJC_LITERAL_CONVERSION = YES;
				CLANG_WARN_OBJC_ROOT_CLASS = YES_ERROR;
				CLANG_WARN_QUOTED_INCLUDE_IN_FRAMEWORK_HEADER = YES;
				CLANG_WARN_RANGE_LOOP_ANALYSIS = YES;
				CLANG_WARN_STRICT_PROTOTYPES = YES;
				CLANG_WARN_SUSPICIOUS_MOVE = YES;
				CLANG_WARN_UNGUARDED_AVAILABILITY = YES_AGGRESSIVE;
				CLANG_WARN_UNREACHABLE_CODE = YES;
				CLANG_WARN__DUPLICATE_METHOD_MATCH = YES;
				COPY_PHASE_STRIP = NO;
				DEBUG_INFORMATION_FORMAT = dwarf;
				ENABLE_STRICT_OBJC_MSGSEND = YES;
				ENABLE_TESTABILITY = YES;
				ENABLE_USER_SCRIPT_SANDBOXING = YES;
				GCC_C_LANGUAGE_STANDARD = gnu17;
				GCC_DYNAMIC_NO_PIC = NO;
				GCC_NO_COMMON_BLOCKS = YES;
				GCC_OPTIMIZATION_LEVEL = 0;
				GCC_PREPROCESSOR_DEFINITIONS = (
					"DEBUG=1",
					"$(inherited)",
				);
				GCC_WARN_64_TO_32_BIT_CONVERSION = YES;
				GCC_WARN_ABOUT_RETURN_TYPE = YES_ERROR;
				GCC_WARN_UNDECLARED_SELECTOR = YES;
				GCC_WARN_UNINITIALIZED_AUTOS = YES_AGGRESSIVE;
				GCC_WARN_UNUSED_FUNCTION = YES;
				GCC_WARN_UNUSED_VARIABLE = YES;
				IPHONEOS_DEPLOYMENT_TARGET = 17.2;
				LOCALIZATION_PREFERS_STRING_CATALOGS = YES;
				MTL_ENABLE_DEBUG_INFO = INCLUDE_SOURCE;
				MTL_FAST_MATH = YES;
				ONLY_ACTIVE_ARCH = YES;
				SDKROOT = iphoneos;
				SWIFT_ACTIVE_COMPILATION_CONDITIONS = "DEBUG $(inherited)";
				SWIFT_OPTIMIZATION_LEVEL = "-Onone";
			};
			name = Debug;
		};
		50EF9FC72CD3846D0066CAAE /* Release */ = {
			isa = XCBuildConfiguration;
			buildSettings = {
				ALWAYS_SEARCH_USER_PATHS = NO;
				ASSETCATALOG_COMPILER_GENERATE_SWIFT_ASSET_SYMBOL_EXTENSIONS = YES;
				CLANG_ANALYZER_NONNULL = YES;
				CLANG_ANALYZER_NUMBER_OBJECT_CONVERSION = YES_AGGRESSIVE;
				CLANG_CXX_LANGUAGE_STANDARD = "gnu++20";
				CLANG_ENABLE_MODULES = YES;
				CLANG_ENABLE_OBJC_ARC = YES;
				CLANG_ENABLE_OBJC_WEAK = YES;
				CLANG_WARN_BLOCK_CAPTURE_AUTORELEASING = YES;
				CLANG_WARN_BOOL_CONVERSION = YES;
				CLANG_WARN_COMMA = YES;
				CLANG_WARN_CONSTANT_CONVERSION = YES;
				CLANG_WARN_DEPRECATED_OBJC_IMPLEMENTATIONS = YES;
				CLANG_WARN_DIRECT_OBJC_ISA_USAGE = YES_ERROR;
				CLANG_WARN_DOCUMENTATION_COMMENTS = YES;
				CLANG_WARN_EMPTY_BODY = YES;
				CLANG_WARN_ENUM_CONVERSION = YES;
				CLANG_WARN_INFINITE_RECURSION = YES;
				CLANG_WARN_INT_CONVERSION = YES;
				CLANG_WARN_NON_LITERAL_NULL_CONVERSION = YES;
				CLANG_WARN_OBJC_IMPLICIT_RETAIN_SELF = YES;
				CLANG_WARN_OBJC_LITERAL_CONVERSION = YES;
				CLANG_WARN_OBJC_ROOT_CLASS = YES_ERROR;
				CLANG_WARN_QUOTED_INCLUDE_IN_FRAMEWORK_HEADER = YES;
				CLANG_WARN_RANGE_LOOP_ANALYSIS = YES;
				CLANG_WARN_STRICT_PROTOTYPES = YES;
				CLANG_WARN_SUSPICIOUS_MOVE = YES;
				CLANG_WARN_UNGUARDED_AVAILABILITY = YES_AGGRESSIVE;
				CLANG_WARN_UNREACHABLE_CODE = YES;
				CLANG_WARN__DUPLICATE_METHOD_MATCH = YES;
				COPY_PHASE_STRIP = NO;
				DEBUG_INFORMATION_FORMAT = "dwarf-with-dsym";
				ENABLE_NS_ASSERTIONS = NO;
				ENABLE_STRICT_OBJC_MSGSEND = YES;
				ENABLE_USER_SCRIPT_SANDBOXING = YES;
				GCC_C_LANGUAGE_STANDARD = gnu17;
				GCC_NO_COMMON_BLOCKS = YES;
				GCC_WARN_64_TO_32_BIT_CONVERSION = YES;
				GCC_WARN_ABOUT_RETURN_TYPE = YES_ERROR;
				GCC_WARN_UNDECLARED_SELECTOR = YES;
				GCC_WARN_UNINITIALIZED_AUTOS = YES_AGGRESSIVE;
				GCC_WARN_UNUSED_FUNCTION = YES;
				GCC_WARN_UNUSED_VARIABLE = YES;
				IPHONEOS_DEPLOYMENT_TARGET = 17.2;
				LOCALIZATION_PREFERS_STRING_CATALOGS = YES;
				MTL_ENABLE_DEBUG_INFO = NO;
				MTL_FAST_MATH = YES;
				SDKROOT = iphoneos;
				SWIFT_COMPILATION_MODE = wholemodule;
				VALIDATE_PRODUCT = YES;
			};
			name = Release;
		};
		50EF9FC92CD3846D0066CAAE /* Debug */ = {
			isa = XCBuildConfiguration;
			buildSettings = {
				ASSETCATALOG_COMPILER_APPICON_NAME = AppIcon;
				ASSETCATALOG_COMPILER_GLOBAL_ACCENT_COLOR_NAME = AccentColor;
				CODE_SIGN_IDENTITY = "Apple Development";
				CODE_SIGN_STYLE = Automatic;
				CURRENT_PROJECT_VERSION = 1;
				DEBUG_INFORMATION_FORMAT = "dwarf-with-dsym";
				DEVELOPMENT_ASSET_PATHS = "\"meteocat/Preview Content\"";
				DEVELOPMENT_TEAM = HL99S7U2Q3;
				ENABLE_PREVIEWS = YES;
				GENERATE_INFOPLIST_FILE = YES;
				INFOPLIST_KEY_UIApplicationSceneManifest_Generation = YES;
				INFOPLIST_KEY_UIApplicationSupportsIndirectInputEvents = YES;
				INFOPLIST_KEY_UILaunchScreen_Generation = YES;
				INFOPLIST_KEY_UISupportedInterfaceOrientations_iPad = "UIInterfaceOrientationPortrait UIInterfaceOrientationPortraitUpsideDown UIInterfaceOrientationLandscapeLeft UIInterfaceOrientationLandscapeRight";
				INFOPLIST_KEY_UISupportedInterfaceOrientations_iPhone = "UIInterfaceOrientationPortrait UIInterfaceOrientationLandscapeLeft UIInterfaceOrientationLandscapeRight";
				IPHONEOS_DEPLOYMENT_TARGET = 18.0;
				LD_RUNPATH_SEARCH_PATHS = (
					"$(inherited)",
					"@executable_path/Frameworks",
				);
				MARKETING_VERSION = 1.0;
				PRODUCT_BUNDLE_IDENTIFIER = com.pskmoons.meteocat;
				PRODUCT_NAME = "$(TARGET_NAME)";
				PROVISIONING_PROFILE_SPECIFIER = "";
				SWIFT_EMIT_LOC_STRINGS = YES;
				SWIFT_VERSION = 5.0;
				TARGETED_DEVICE_FAMILY = "1,2";
			};
			name = Debug;
		};
		50EF9FCA2CD3846D0066CAAE /* Release */ = {
			isa = XCBuildConfiguration;
			buildSettings = {
				ASSETCATALOG_COMPILER_APPICON_NAME = AppIcon;
				ASSETCATALOG_COMPILER_GLOBAL_ACCENT_COLOR_NAME = AccentColor;
				CODE_SIGN_IDENTITY = "Apple Development";
				CODE_SIGN_STYLE = Automatic;
				CURRENT_PROJECT_VERSION = 1;
				DEVELOPMENT_ASSET_PATHS = "\"meteocat/Preview Content\"";
				DEVELOPMENT_TEAM = HL99S7U2Q3;
				ENABLE_PREVIEWS = YES;
				GENERATE_INFOPLIST_FILE = YES;
				INFOPLIST_KEY_UIApplicationSceneManifest_Generation = YES;
				INFOPLIST_KEY_UIApplicationSupportsIndirectInputEvents = YES;
				INFOPLIST_KEY_UILaunchScreen_Generation = YES;
				INFOPLIST_KEY_UISupportedInterfaceOrientations_iPad = "UIInterfaceOrientationPortrait UIInterfaceOrientationPortraitUpsideDown UIInterfaceOrientationLandscapeLeft UIInterfaceOrientationLandscapeRight";
				INFOPLIST_KEY_UISupportedInterfaceOrientations_iPhone = "UIInterfaceOrientationPortrait UIInterfaceOrientationLandscapeLeft UIInterfaceOrientationLandscapeRight";
				IPHONEOS_DEPLOYMENT_TARGET = 18.0;
				LD_RUNPATH_SEARCH_PATHS = (
					"$(inherited)",
					"@executable_path/Frameworks",
				);
				MARKETING_VERSION = 1.0;
				PRODUCT_BUNDLE_IDENTIFIER = com.pskmoons.meteocat;
				PRODUCT_NAME = "$(TARGET_NAME)";
				PROVISIONING_PROFILE_SPECIFIER = "";
				SWIFT_EMIT_LOC_STRINGS = YES;
				SWIFT_VERSION = 5.0;
				TARGETED_DEVICE_FAMILY = "1,2";
			};
			name = Release;
		};
/* End XCBuildConfiguration section */

/* Begin XCConfigurationList section */
		50EF9FB32CD3846B0066CAAE /* Build configuration list for PBXProject "meteocat" */ = {
			isa = XCConfigurationList;
			buildConfigurations = (
				50EF9FC62CD3846D0066CAAE /* Debug */,
				50EF9FC72CD3846D0066CAAE /* Release */,
			);
			defaultConfigurationIsVisible = 0;
			defaultConfigurationName = Release;
		};
		50EF9FC82CD3846D0066CAAE /* Build configuration list for PBXNativeTarget "meteocat" */ = {
			isa = XCConfigurationList;
			buildConfigurations = (
				50EF9FC92CD3846D0066CAAE /* Debug */,
				50EF9FCA2CD3846D0066CAAE /* Release */,
			);
			defaultConfigurationIsVisible = 0;
			defaultConfigurationName = Release;
		};
/* End XCConfigurationList section */

/* Begin XCRemoteSwiftPackageReference section */
		5021854D2E85859000E6F003 /* XCRemoteSwiftPackageReference "firebase-ios-sdk" */ = {
			isa = XCRemoteSwiftPackageReference;
			repositoryURL = "https://github.com/firebase/firebase-ios-sdk";
			requirement = {
				kind = upToNextMajorVersion;
				minimumVersion = 12.3.0;
			};
		};
		504ECD3B2DE84CA100C95D80 /* XCRemoteSwiftPackageReference "Alfy" */ = {
			isa = XCRemoteSwiftPackageReference;
			repositoryURL = "https://github.com/vilapuigvila/Alfy.git";
			requirement = {
				branch = develop;
				kind = branch;
			};
		};
/* End XCRemoteSwiftPackageReference section */

/* Begin XCSwiftPackageProductDependency section */
		5021854E2E85859000E6F003 /* FirebaseAnalytics */ = {
			isa = XCSwiftPackageProductDependency;
			package = 5021854D2E85859000E6F003 /* XCRemoteSwiftPackageReference "firebase-ios-sdk" */;
			productName = FirebaseAnalytics;
		};
		502185502E85859000E6F003 /* FirebaseCrashlytics */ = {
			isa = XCSwiftPackageProductDependency;
			package = 5021854D2E85859000E6F003 /* XCRemoteSwiftPackageReference "firebase-ios-sdk" */;
			productName = FirebaseCrashlytics;
		};
		502185522E85859000E6F003 /* FirebaseRemoteConfig */ = {
			isa = XCSwiftPackageProductDependency;
			package = 5021854D2E85859000E6F003 /* XCRemoteSwiftPackageReference "firebase-ios-sdk" */;
			productName = FirebaseRemoteConfig;
		};
		504ECD3C2DE84CA100C95D80 /* Alfy */ = {
			isa = XCSwiftPackageProductDependency;
			package = 504ECD3B2DE84CA100C95D80 /* XCRemoteSwiftPackageReference "Alfy" */;
			productName = Alfy;
		};
/* End XCSwiftPackageProductDependency section */
	};
	rootObject = 50EF9FB02CD3846B0066CAAE /* Project object */;
}
