// !$*UTF8*$!
{
	archiveVersion = 1;
	classes = {
	};
	objectVersion = 70;
	objects = {

/* Begin PBXBuildFile section */
		264AFF21651A95F78F8626C3 /* Foundation.framework in Frameworks */ = {isa = PBXBuildFile; fileRef = 909F688024A41A4B2E77EE0A /* Foundation.framework */; };
		5021854B2E857D4800E6F003 /* GoogleService-Info.plist in Resources */ = {isa = PBXBuildFile; fileRef = 5021854A2E857D4800E6F003 /* GoogleService-Info.plist */; };
		5021854F2E85859000E6F003 /* FirebaseAnalytics in Frameworks */ = {isa = PBXBuildFile; productRef = 5021854E2E85859000E6F003 /* FirebaseAnalytics */; };
		502185512E85859000E6F003 /* FirebaseCrashlytics in Frameworks */ = {isa = PBXBuildFile; productRef = 502185502E85859000E6F003 /* FirebaseCrashlytics */; };
		502185532E85859000E6F003 /* FirebaseRemoteConfig in Frameworks */ = {isa = PBXBuildFile; productRef = 502185522E85859000E6F003 /* FirebaseRemoteConfig */; };
		504ECD3D2DE84CA100C95D80 /* Alfy in Frameworks */ = {isa = PBXBuildFile; productRef = 504ECD3C2DE84CA100C95D80 /* Alfy */; };
		50EF9FBC2CD3846B0066CAAE /* meteocatalfApp.swift in Sources */ = {isa = PBXBuildFile; fileRef = 50EF9FBB2CD3846B0066CAAE /* meteocatalfApp.swift */; };
		50EF9FC22CD3846D0066CAAE /* Assets.xcassets in Resources */ = {isa = PBXBuildFile; fileRef = 50EF9FC12CD3846D0066CAAE /* Assets.xcassets */; };
		50EF9FC52CD3846D0066CAAE /* Preview Assets.xcassets in Resources */ = {isa = PBXBuildFile; fileRef = 50EF9FC42CD3846D0066CAAE /* Preview Assets.xcassets */; };
			7A3D100A2E9A000100C0FFEE /* meteocatalfWidget.appex in Embed Foundation Extensions */ = {isa = PBXBuildFile; fileRef = 7A3D10022E9A000100C0FFEE /* meteocatalfWidget.appex */; settings = {ATTRIBUTES = (RemoveHeadersOnCopy, ); }; };
		7A3D10122E9A000100C0FFEE /* SwiftSoup in Frameworks */ = {isa = PBXBuildFile; productRef = 7A3D10112E9A000100C0FFEE /* SwiftSoup */; };
/* End PBXBuildFile section */

/* Begin PBXContainerItemProxy section */
		2B93BBE34BB467E734668EED /* PBXContainerItemProxy */ = {
			isa = PBXContainerItemProxy;
			containerPortal = 50EF9FB02CD3846B0066CAAE /* Project object */;
			proxyType = 1;
			remoteGlobalIDString = 50EF9FB72CD3846B0066CAAE;
			remoteInfo = meteocatalf;
		};
		7A3D100B2E9A000100C0FFEE /* PBXContainerItemProxy */ = {
			isa = PBXContainerItemProxy;
			containerPortal = 50EF9FB02CD3846B0066CAAE /* Project object */;
			proxyType = 1;
			remoteGlobalIDString = 7A3D10012E9A000100C0FFEE;
			remoteInfo = meteocatalfWidget;
		};
/* End PBXContainerItemProxy section */

/* Begin PBXCopyFilesBuildPhase section */
		7A3D10092E9A000100C0FFEE /* Embed Foundation Extensions */ = {
			isa = PBXCopyFilesBuildPhase;
			buildActionMask = 2147483647;
			dstPath = "";
			dstSubfolderSpec = 13;
			files = (
				7A3D100A2E9A000100C0FFEE /* meteocatalfWidget.appex in Embed Foundation Extensions */,
			);
			name = "Embed Foundation Extensions";
			runOnlyForDeploymentPostprocessing = 0;
		};
/* End PBXCopyFilesBuildPhase section */

/* Begin PBXFileReference section */
		5021854A2E857D4800E6F003 /* GoogleService-Info.plist */ = {isa = PBXFileReference; lastKnownFileType = text.plist.xml; path = "GoogleService-Info.plist"; sourceTree = "<group>"; };
		50EF9FB82CD3846B0066CAAE /* meteocatalf.app */ = {isa = PBXFileReference; explicitFileType = wrapper.application; includeInIndex = 0; path = meteocatalf.app; sourceTree = BUILT_PRODUCTS_DIR; };
		50EF9FBB2CD3846B0066CAAE /* meteocatalfApp.swift */ = {isa = PBXFileReference; lastKnownFileType = sourcecode.swift; path = meteocatalfApp.swift; sourceTree = "<group>"; };
		50EF9FC12CD3846D0066CAAE /* Assets.xcassets */ = {isa = PBXFileReference; lastKnownFileType = folder.assetcatalog; path = Assets.xcassets; sourceTree = "<group>"; };
		50EF9FC42CD3846D0066CAAE /* Preview Assets.xcassets */ = {isa = PBXFileReference; lastKnownFileType = folder.assetcatalog; path = "Preview Assets.xcassets"; sourceTree = "<group>"; };
		76787E9DF1988296440E396D /* meteocatalfTests.xctest */ = {isa = PBXFileReference; explicitFileType = wrapper.cfbundle; includeInIndex = 0; path = meteocatalfTests.xctest; sourceTree = BUILT_PRODUCTS_DIR; };
		7A3D10022E9A000100C0FFEE /* meteocatalfWidget.appex */ = {isa = PBXFileReference; explicitFileType = "wrapper.app-extension"; includeInIndex = 0; path = meteocatalfWidget.appex; sourceTree = BUILT_PRODUCTS_DIR; };
		909F688024A41A4B2E77EE0A /* Foundation.framework */ = {isa = PBXFileReference; lastKnownFileType = wrapper.framework; name = Foundation.framework; path = Platforms/iPhoneOS.platform/Developer/SDKs/iPhoneOS18.0.sdk/System/Library/Frameworks/Foundation.framework; sourceTree = DEVELOPER_DIR; };
/* End PBXFileReference section */

/* Begin PBXFileSystemSynchronizedBuildFileExceptionSet section */
		7A3D10052E9A000100C0FFEE /* Exceptions for "meteocatalfWidget" folder in "meteocatalfWidget" target */ = {
			isa = PBXFileSystemSynchronizedBuildFileExceptionSet;
			membershipExceptions = (
				Info.plist,
				meteocatalfWidget.entitlements,
			);
			target = 7A3D10012E9A000100C0FFEE /* meteocatalfWidget */;
		};
/* End PBXFileSystemSynchronizedBuildFileExceptionSet section */

/* Begin PBXFileSystemSynchronizedRootGroup section */
		501BA3EB2D6A32D60052F40B /* Model */ = {isa = PBXFileSystemSynchronizedRootGroup; explicitFileTypes = {}; explicitFolders = (); path = Model; sourceTree = "<group>"; };
		501BA3EC2D6A32F10052F40B /* Network */ = {isa = PBXFileSystemSynchronizedRootGroup; explicitFileTypes = {}; explicitFolders = (); path = Network; sourceTree = "<group>"; };
		507F0C662D537DB100322649 /* Components */ = {isa = PBXFileSystemSynchronizedRootGroup; explicitFileTypes = {}; explicitFolders = (); path = Components; sourceTree = "<group>"; };
		50AFCF182D6B742100B47404 /* DTO */ = {isa = PBXFileSystemSynchronizedRootGroup; explicitFileTypes = {}; explicitFolders = (); path = DTO; sourceTree = "<group>"; };
		50EA91502D54FC4900E22B0A /* Helpers */ = {isa = PBXFileSystemSynchronizedRootGroup; explicitFileTypes = {}; explicitFolders = (); path = Helpers; sourceTree = "<group>"; };
		50EA91562D550E7C00E22B0A /* UserPreferences */ = {isa = PBXFileSystemSynchronizedRootGroup; explicitFileTypes = {}; explicitFolders = (); path = UserPreferences; sourceTree = "<group>"; };
		50F89E3C2D52036F00F7884F /* Views */ = {isa = PBXFileSystemSynchronizedRootGroup; explicitFileTypes = {}; explicitFolders = (); path = Views; sourceTree = "<group>"; };
		7A3D10032E9A000100C0FFEE /* meteocatalfWidget */ = {
			isa = PBXFileSystemSynchronizedRootGroup;
			exceptions = (
				7A3D10052E9A000100C0FFEE /* Exceptions for "meteocatalfWidget" folder in "meteocatalfWidget" target */,
			);
			explicitFileTypes = {};
			explicitFolders = ();
			path = meteocatalfWidget;
			sourceTree = "<group>";
		};
		7A3D10042E9A000100C0FFEE /* WidgetShared */ = {
			isa = PBXFileSystemSynchronizedRootGroup;
			explicitFileTypes = {};
			explicitFolders = ();
			path = WidgetShared;
			sourceTree = "<group>";
		};
		A0C20FFBB34A92D315F8EE52 /* meteocatalfTests */ = {isa = PBXFileSystemSynchronizedRootGroup; explicitFileTypes = {}; explicitFolders = (); path = meteocatalfTests; sourceTree = "<group>"; };
/* End PBXFileSystemSynchronizedRootGroup section */

/* Begin PBXFrameworksBuildPhase section */
		3F63DE2DBA95FAFA8DAFFEA1 /* Frameworks */ = {
			isa = PBXFrameworksBuildPhase;
			buildActionMask = 2147483647;
			files = (
				264AFF21651A95F78F8626C3 /* Foundation.framework in Frameworks */,
			);
			runOnlyForDeploymentPostprocessing = 0;
		};
		50EF9FB52CD3846B0066CAAE /* Frameworks */ = {
			isa = PBXFrameworksBuildPhase;
			buildActionMask = 2147483647;
			files = (
				502185512E85859000E6F003 /* FirebaseCrashlytics in Frameworks */,
				5021854F2E85859000E6F003 /* FirebaseAnalytics in Frameworks */,
				504ECD3D2DE84CA100C95D80 /* Alfy in Frameworks */,
				502185532E85859000E6F003 /* FirebaseRemoteConfig in Frameworks */,
			);
			runOnlyForDeploymentPostprocessing = 0;
		};
		7A3D10072E9A000100C0FFEE /* Frameworks */ = {
			isa = PBXFrameworksBuildPhase;
			buildActionMask = 2147483647;
			files = (
				7A3D10122E9A000100C0FFEE /* SwiftSoup in Frameworks */,
			);
			runOnlyForDeploymentPostprocessing = 0;
		};
/* End PBXFrameworksBuildPhase section */

/* Begin PBXGroup section */
		50EF9FAF2CD3846B0066CAAE = {
			isa = PBXGroup;
			children = (
				50EF9FBA2CD3846B0066CAAE /* meteocatalf */,
				50EF9FB92CD3846B0066CAAE /* Products */,
				AE344D7DA562E4BC67DBDAE3 /* Frameworks */,
				A0C20FFBB34A92D315F8EE52 /* meteocatalfTests */,
				7A3D10032E9A000100C0FFEE /* meteocatalfWidget */,
			);
			sourceTree = "<group>";
		};
		50EF9FB92CD3846B0066CAAE /* Products */ = {
			isa = PBXGroup;
			children = (
				50EF9FB82CD3846B0066CAAE /* meteocatalf.app */,
				76787E9DF1988296440E396D /* meteocatalfTests.xctest */,
				7A3D10022E9A000100C0FFEE /* meteocatalfWidget.appex */,
			);
			name = Products;
			sourceTree = "<group>";
		};
		50EF9FBA2CD3846B0066CAAE /* meteocatalf */ = {
			isa = PBXGroup;
			children = (
				50EF9FC12CD3846D0066CAAE /* Assets.xcassets */,
				507F0C662D537DB100322649 /* Components */,
				50AFCF182D6B742100B47404 /* DTO */,
				50EA91502D54FC4900E22B0A /* Helpers */,
				50EF9FBB2CD3846B0066CAAE /* meteocatalfApp.swift */,
				501BA3EB2D6A32D60052F40B /* Model */,
				501BA3EC2D6A32F10052F40B /* Network */,
				50EF9FC32CD3846D0066CAAE /* Preview Content */,
				50EA91562D550E7C00E22B0A /* UserPreferences */,
				7A3D10042E9A000100C0FFEE /* WidgetShared */,
				50F89E3C2D52036F00F7884F /* Views */,
				5021854A2E857D4800E6F003 /* GoogleService-Info.plist */,
			);
			path = meteocatalf;
			sourceTree = "<group>";
		};
		50EF9FC32CD3846D0066CAAE /* Preview Content */ = {
			isa = PBXGroup;
			children = (
				50EF9FC42CD3846D0066CAAE /* Preview Assets.xcassets */,
			);
			path = "Preview Content";
			sourceTree = "<group>";
		};
		AE344D7DA562E4BC67DBDAE3 /* Frameworks */ = {
			isa = PBXGroup;
			children = (
				E347B5E013FD2568FFB7CC98 /* iOS */,
			);
			name = Frameworks;
			sourceTree = "<group>";
		};
		E347B5E013FD2568FFB7CC98 /* iOS */ = {
			isa = PBXGroup;
			children = (
				909F688024A41A4B2E77EE0A /* Foundation.framework */,
			);
			name = iOS;
			sourceTree = "<group>";
		};
/* End PBXGroup section */

/* Begin PBXNativeTarget section */
		3C1F34ABB8F87B916F778B66 /* meteocatalfTests */ = {
			isa = PBXNativeTarget;
			buildConfigurationList = 8D267B0A4C703B581C94BCF6 /* Build configuration list for PBXNativeTarget "meteocatalfTests" */;
			buildPhases = (
				982113D3F0E76A335730DFCA /* Sources */,
				3F63DE2DBA95FAFA8DAFFEA1 /* Frameworks */,
				4BDE981F37A62BE4F345FB06 /* Resources */,
			);
			buildRules = (
			);
			dependencies = (
				F8F7383CC830AB9AC5302954 /* PBXTargetDependency */,
			);
			fileSystemSynchronizedGroups = (
				A0C20FFBB34A92D315F8EE52 /* meteocatalfTests */,
			);
			name = meteocatalfTests;
			productName = meteocatalfTests;
			productReference = 76787E9DF1988296440E396D /* meteocatalfTests.xctest */;
			productType = "com.apple.product-type.bundle.unit-test";
		};
		50EF9FB72CD3846B0066CAAE /* meteocatalf */ = {
			isa = PBXNativeTarget;
			buildConfigurationList = 50EF9FC82CD3846D0066CAAE /* Build configuration list for PBXNativeTarget "meteocatalf" */;
			buildPhases = (
				50EF9FB42CD3846B0066CAAE /* Sources */,
				50EF9FB52CD3846B0066CAAE /* Frameworks */,
				50EF9FB62CD3846B0066CAAE /* Resources */,
				7A3D10092E9A000100C0FFEE /* Embed Foundation Extensions */,
				5021854C2E857D8600E6F003 /* Crashlytics */,
			);
			buildRules = (
			);
			dependencies = (
				7A3D100C2E9A000100C0FFEE /* PBXTargetDependency */,
			);
			fileSystemSynchronizedGroups = (
				501BA3EB2D6A32D60052F40B /* Model */,
				501BA3EC2D6A32F10052F40B /* Network */,
				507F0C662D537DB100322649 /* Components */,
				50AFCF182D6B742100B47404 /* DTO */,
				50EA91502D54FC4900E22B0A /* Helpers */,
				50EA91562D550E7C00E22B0A /* UserPreferences */,
				50F89E3C2D52036F00F7884F /* Views */,
				7A3D10042E9A000100C0FFEE /* WidgetShared */,
			);
			name = meteocatalf;
			packageProductDependencies = (
				504ECD3C2DE84CA100C95D80 /* Alfy */,
				5021854E2E85859000E6F003 /* FirebaseAnalytics */,
				502185502E85859000E6F003 /* FirebaseCrashlytics */,
				502185522E85859000E6F003 /* FirebaseRemoteConfig */,
			);
			productName = meteocatalf;
			productReference = 50EF9FB82CD3846B0066CAAE /* meteocatalf.app */;
			productType = "com.apple.product-type.application";
		};
		7A3D10012E9A000100C0FFEE /* meteocatalfWidget */ = {
			isa = PBXNativeTarget;
			buildConfigurationList = 7A3D100D2E9A000100C0FFEE /* Build configuration list for PBXNativeTarget "meteocatalfWidget" */;
			buildPhases = (
				7A3D10062E9A000100C0FFEE /* Sources */,
				7A3D10072E9A000100C0FFEE /* Frameworks */,
				7A3D10082E9A000100C0FFEE /* Resources */,
			);
			buildRules = (
			);
			dependencies = (
			);
			fileSystemSynchronizedGroups = (
				7A3D10032E9A000100C0FFEE /* meteocatalfWidget */,
				7A3D10042E9A000100C0FFEE /* WidgetShared */,
			);
			name = meteocatalfWidget;
			packageProductDependencies = (
				7A3D10112E9A000100C0FFEE /* SwiftSoup */,
			);
			productName = meteocatalfWidget;
			productReference = 7A3D10022E9A000100C0FFEE /* meteocatalfWidget.appex */;
			productType = "com.apple.product-type.app-extension";
		};
/* End PBXNativeTarget section */

/* Begin PBXProject section */
		50EF9FB02CD3846B0066CAAE /* Project object */ = {
			isa = PBXProject;
			attributes = {
				BuildIndependentTargetsInParallel = 1;
				LastSwiftUpdateCheck = 1520;
				LastUpgradeCheck = 1520;
				TargetAttributes = {
					50EF9FB72CD3846B0066CAAE = {
						CreatedOnToolsVersion = 15.2;
					};
					7A3D10012E9A000100C0FFEE = {
						CreatedOnToolsVersion = 16.0;
					};
				};
			};
			buildConfigurationList = 50EF9FB32CD3846B0066CAAE /* Build configuration list for PBXProject "meteocatalf" */;
			compatibilityVersion = "Xcode 14.0";
			developmentRegion = en;
			hasScannedForEncodings = 0;
			knownRegions = (
				en,
				Base,
			);
			mainGroup = 50EF9FAF2CD3846B0066CAAE;
			packageReferences = (
				504ECD3B2DE84CA100C95D80 /* XCRemoteSwiftPackageReference "Alfy" */,
				5021854D2E85859000E6F003 /* XCRemoteSwiftPackageReference "firebase-ios-sdk" */,
				7A3D10102E9A000100C0FFEE /* XCRemoteSwiftPackageReference "SwiftSoup" */,
			);
			productRefGroup = 50EF9FB92CD3846B0066CAAE /* Products */;
			projectDirPath = "";
			projectRoot = "";
			targets = (
				50EF9FB72CD3846B0066CAAE /* meteocatalf */,
				3C1F34ABB8F87B916F778B66 /* meteocatalfTests */,
				7A3D10012E9A000100C0FFEE /* meteocatalfWidget */,
			);
		};
/* End PBXProject section */

/* Begin PBXResourcesBuildPhase section */
		4BDE981F37A62BE4F345FB06 /* Resources */ = {
			isa = PBXResourcesBuildPhase;
			buildActionMask = 2147483647;
			files = (
			);
			runOnlyForDeploymentPostprocessing = 0;
		};
		50EF9FB62CD3846B0066CAAE /* Resources */ = {
			isa = PBXResourcesBuildPhase;
			buildActionMask = 2147483647;
			files = (
				50EF9FC52CD3846D0066CAAE /* Preview Assets.xcassets in Resources */,
				50EF9FC22CD3846D0066CAAE /* Assets.xcassets in Resources */,
				5021854B2E857D4800E6F003 /* GoogleService-Info.plist in Resources */,
			);
			runOnlyForDeploymentPostprocessing = 0;
		};
		7A3D10082E9A000100C0FFEE /* Resources */ = {
			isa = PBXResourcesBuildPhase;
			buildActionMask = 2147483647;
			files = (
			);
			runOnlyForDeploymentPostprocessing = 0;
		};
/* End PBXResourcesBuildPhase section */

/* Begin PBXShellScriptBuildPhase section */
		5021854C2E857D8600E6F003 /* Crashlytics */ = {
			isa = PBXShellScriptBuildPhase;
			buildActionMask = 2147483647;
			files = (
			);
			inputFileListPaths = (
			);
			inputPaths = (
				"${DWARF_DSYM_FOLDER_PATH}/${DWARF_DSYM_FILE_NAME}",
				"${DWARF_DSYM_FOLDER_PATH}/${DWARF_DSYM_FILE_NAME}/Contents/Resources/DWARF/${PRODUCT_NAME}",
				"${DWARF_DSYM_FOLDER_PATH}/${DWARF_DSYM_FILE_NAME}/Contents/Info.plist",
				"$(TARGET_BUILD_DIR)/$(UNLOCALIZED_RESOURCES_FOLDER_PATH)/GoogleService-Info.plist",
				"$(TARGET_BUILD_DIR)/$(EXECUTABLE_PATH)",
				"${DWARF_DSYM_FOLDER_PATH}/${DWARF_DSYM_FILE_NAME}/Contents/Resources/DWARF/${TARGET_NAME}",
				"$(SRCROOT)/$(BUILT_PRODUCTS_DIR)/$(INFOPLIST_PATH)",
			);
			name = Crashlytics;
			outputFileListPaths = (
			);
			outputPaths = (
			);
			runOnlyForDeploymentPostprocessing = 0;
			shellPath = /bin/sh;
			shellScript = "\"${BUILD_DIR%/Build/*}/SourcePackages/checkouts/firebase-ios-sdk/Crashlytics/run\"\n";
		};
/* End PBXShellScriptBuildPhase section */

/* Begin PBXSourcesBuildPhase section */
		50EF9FB42CD3846B0066CAAE /* Sources */ = {
			isa = PBXSourcesBuildPhase;
			buildActionMask = 2147483647;
			files = (
				50EF9FBC2CD3846B0066CAAE /* meteocatalfApp.swift in Sources */,
			);
			runOnlyForDeploymentPostprocessing = 0;
		};
		7A3D10062E9A000100C0FFEE /* Sources */ = {
			isa = PBXSourcesBuildPhase;
			buildActionMask = 2147483647;
			files = (
			);
			runOnlyForDeploymentPostprocessing = 0;
		};
		982113D3F0E76A335730DFCA /* Sources */ = {
			isa = PBXSourcesBuildPhase;
			buildActionMask = 2147483647;
			files = (
			);
			runOnlyForDeploymentPostprocessing = 0;
		};
/* End PBXSourcesBuildPhase section */

/* Begin PBXTargetDependency section */
		7A3D100C2E9A000100C0FFEE /* PBXTargetDependency */ = {
			isa = PBXTargetDependency;
			name = meteocatalfWidget;
			target = 7A3D10012E9A000100C0FFEE /* meteocatalfWidget */;
			targetProxy = 7A3D100B2E9A000100C0FFEE /* PBXContainerItemProxy */;
		};
		F8F7383CC830AB9AC5302954 /* PBXTargetDependency */ = {
			isa = PBXTargetDependency;
			name = meteocatalf;
			target = 50EF9FB72CD3846B0066CAAE /* meteocatalf */;
			targetProxy = 2B93BBE34BB467E734668EED /* PBXContainerItemProxy */;
		};
/* End PBXTargetDependency section */

/* Begin XCBuildConfiguration section */
		33B4354AD1341B1B160792E2 /* Debug */ = {
			isa = XCBuildConfiguration;
			buildSettings = {
				BUNDLE_LOADER = "$(TEST_HOST)";
				CLANG_ENABLE_OBJC_WEAK = NO;
				CODE_SIGN_STYLE = Automatic;
				DEVELOPMENT_TEAM = HL99S7U2Q3;
				GENERATE_INFOPLIST_FILE = YES;
				IPHONEOS_DEPLOYMENT_TARGET = 18.0;
				PRODUCT_BUNDLE_IDENTIFIER = com.pskmoons.meteocatTests;
				PRODUCT_NAME = "$(TARGET_NAME)";
				SDKROOT = iphoneos;
				SWIFT_VERSION = 5.0;
				TARGETED_DEVICE_FAMILY = "1,2";
				TEST_HOST = "$(BUILT_PRODUCTS_DIR)/meteocatalf.app/$(BUNDLE_EXECUTABLE_FOLDER_PATH)/meteocatalf";
			};
			name = Debug;
		};
		50EF9FC62CD3846D0066CAAE /* Debug */ = {
			isa = XCBuildConfiguration;
			buildSettings = {
				ALWAYS_SEARCH_USER_PATHS = NO;
				ASSETCATALOG_COMPILER_GENERATE_SWIFT_ASSET_SYMBOL_EXTENSIONS = YES;
				CLANG_ANALYZER_NONNULL = YES;
				CLANG_ANALYZER_NUMBER_OBJECT_CONVERSION = YES_AGGRESSIVE;
				CLANG_CXX_LANGUAGE_STANDARD = "gnu++20";
				CLANG_ENABLE_MODULES = YES;
				CLANG_ENABLE_OBJC_ARC = YES;
				CLANG_ENABLE_OBJC_WEAK = YES;
				CLANG_WARN_BLOCK_CAPTURE_AUTORELEASING = YES;
				CLANG_WARN_BOOL_CONVERSION = YES;
				CLANG_WARN_COMMA = YES;
				CLANG_WARN_CONSTANT_CONVERSION = YES;
				CLANG_WARN_DEPRECATED_OBJC_IMPLEMENTATIONS = YES;
				CLANG_WARN_DIRECT_OBJC_ISA_USAGE = YES_ERROR;
				CLANG_WARN_DOCUMENTATION_COMMENTS = YES;
				CLANG_WARN_EMPTY_BODY = YES;
				CLANG_WARN_ENUM_CONVERSION = YES;
				CLANG_WARN_INFINITE_RECURSION = YES;
				CLANG_WARN_INT_CONVERSION = YES;
				CLANG_WARN_NON_LITERAL_NULL_CONVERSION = YES;
				CLANG_WARN_OBJC_IMPLICIT_RETAIN_SELF = YES;
				CLANG_WARN_OBJC_LITERAL_CONVERSION = YES;
				CLANG_WARN_OBJC_ROOT_CLASS = YES_ERROR;
				CLANG_WARN_QUOTED_INCLUDE_IN_FRAMEWORK_HEADER = YES;
				CLANG_WARN_RANGE_LOOP_ANALYSIS = YES;
				CLANG_WARN_STRICT_PROTOTYPES = YES;
				CLANG_WARN_SUSPICIOUS_MOVE = YES;
				CLANG_WARN_UNGUARDED_AVAILABILITY = YES_AGGRESSIVE;
				CLANG_WARN_UNREACHABLE_CODE = YES;
				CLANG_WARN__DUPLICATE_METHOD_MATCH = YES;
				COPY_PHASE_STRIP = NO;
				DEBUG_INFORMATION_FORMAT = dwarf;
				ENABLE_STRICT_OBJC_MSGSEND = YES;
				ENABLE_TESTABILITY = YES;
				ENABLE_USER_SCRIPT_SANDBOXING = YES;
				GCC_C_LANGUAGE_STANDARD = gnu17;
				GCC_DYNAMIC_NO_PIC = NO;
				GCC_NO_COMMON_BLOCKS = YES;
				GCC_OPTIMIZATION_LEVEL = 0;
				GCC_PREPROCESSOR_DEFINITIONS = (
					"DEBUG=1",
					"$(inherited)",
				);
				GCC_WARN_64_TO_32_BIT_CONVERSION = YES;
				GCC_WARN_ABOUT_RETURN_TYPE = YES_ERROR;
				GCC_WARN_UNDECLARED_SELECTOR = YES;
				GCC_WARN_UNINITIALIZED_AUTOS = YES_AGGRESSIVE;
				GCC_WARN_UNUSED_FUNCTION = YES;
				GCC_WARN_UNUSED_VARIABLE = YES;
				IPHONEOS_DEPLOYMENT_TARGET = 17.2;
				LOCALIZATION_PREFERS_STRING_CATALOGS = YES;
				MTL_ENABLE_DEBUG_INFO = INCLUDE_SOURCE;
				MTL_FAST_MATH = YES;
				ONLY_ACTIVE_ARCH = YES;
				SDKROOT = iphoneos;
				SWIFT_ACTIVE_COMPILATION_CONDITIONS = "DEBUG $(inherited)";
				SWIFT_OPTIMIZATION_LEVEL = "-Onone";
			};
			name = Debug;
		};
		50EF9FC72CD3846D0066CAAE /* Release */ = {
			isa = XCBuildConfiguration;
			buildSettings = {
				ALWAYS_SEARCH_USER_PATHS = NO;
				ASSETCATALOG_COMPILER_GENERATE_SWIFT_ASSET_SYMBOL_EXTENSIONS = YES;
				CLANG_ANALYZER_NONNULL = YES;
				CLANG_ANALYZER_NUMBER_OBJECT_CONVERSION = YES_AGGRESSIVE;
				CLANG_CXX_LANGUAGE_STANDARD = "gnu++20";
				CLANG_ENABLE_MODULES = YES;
				CLANG_ENABLE_OBJC_ARC = YES;
				CLANG_ENABLE_OBJC_WEAK = YES;
				CLANG_WARN_BLOCK_CAPTURE_AUTORELEASING = YES;
				CLANG_WARN_BOOL_CONVERSION = YES;
				CLANG_WARN_COMMA = YES;
				CLANG_WARN_CONSTANT_CONVERSION = YES;
				CLANG_WARN_DEPRECATED_OBJC_IMPLEMENTATIONS = YES;
				CLANG_WARN_DIRECT_OBJC_ISA_USAGE = YES_ERROR;
				CLANG_WARN_DOCUMENTATION_COMMENTS = YES;
				CLANG_WARN_EMPTY_BODY = YES;
				CLANG_WARN_ENUM_CONVERSION = YES;
				CLANG_WARN_INFINITE_RECURSION = YES;
				CLANG_WARN_INT_CONVERSION = YES;
				CLANG_WARN_NON_LITERAL_NULL_CONVERSION = YES;
				CLANG_WARN_OBJC_IMPLICIT_RETAIN_SELF = YES;
				CLANG_WARN_OBJC_LITERAL_CONVERSION = YES;
				CLANG_WARN_OBJC_ROOT_CLASS = YES_ERROR;
				CLANG_WARN_QUOTED_INCLUDE_IN_FRAMEWORK_HEADER = YES;
				CLANG_WARN_RANGE_LOOP_ANALYSIS = YES;
				CLANG_WARN_STRICT_PROTOTYPES = YES;
				CLANG_WARN_SUSPICIOUS_MOVE = YES;
				CLANG_WARN_UNGUARDED_AVAILABILITY = YES_AGGRESSIVE;
				CLANG_WARN_UNREACHABLE_CODE = YES;
				CLANG_WARN__DUPLICATE_METHOD_MATCH = YES;
				COPY_PHASE_STRIP = NO;
				DEBUG_INFORMATION_FORMAT = "dwarf-with-dsym";
				ENABLE_NS_ASSERTIONS = NO;
				ENABLE_STRICT_OBJC_MSGSEND = YES;
				ENABLE_USER_SCRIPT_SANDBOXING = YES;
				GCC_C_LANGUAGE_STANDARD = gnu17;
				GCC_NO_COMMON_BLOCKS = YES;
				GCC_WARN_64_TO_32_BIT_CONVERSION = YES;
				GCC_WARN_ABOUT_RETURN_TYPE = YES_ERROR;
				GCC_WARN_UNDECLARED_SELECTOR = YES;
				GCC_WARN_UNINITIALIZED_AUTOS = YES_AGGRESSIVE;
				GCC_WARN_UNUSED_FUNCTION = YES;
				GCC_WARN_UNUSED_VARIABLE = YES;
				IPHONEOS_DEPLOYMENT_TARGET = 17.2;
				LOCALIZATION_PREFERS_STRING_CATALOGS = YES;
				MTL_ENABLE_DEBUG_INFO = NO;
				MTL_FAST_MATH = YES;
				SDKROOT = iphoneos;
				SWIFT_COMPILATION_MODE = wholemodule;
				VALIDATE_PRODUCT = YES;
			};
			name = Release;
		};
		50EF9FC92CD3846D0066CAAE /* Debug */ = {
			isa = XCBuildConfiguration;
			buildSettings = {
				ASSETCATALOG_COMPILER_APPICON_NAME = AppIcon;
				ASSETCATALOG_COMPILER_GLOBAL_ACCENT_COLOR_NAME = AccentColor;
				CODE_SIGN_ENTITLEMENTS = meteocatalf/meteocatalf.entitlements;
				CODE_SIGN_IDENTITY = "Apple Development";
				CODE_SIGN_STYLE = Automatic;
				CURRENT_PROJECT_VERSION = 1;
				DEBUG_INFORMATION_FORMAT = "dwarf-with-dsym";
				DEVELOPMENT_ASSET_PATHS = "\"meteocatalf/Preview Content\"";
				DEVELOPMENT_TEAM = HL99S7U2Q3;
				ENABLE_DEBUG_DYLIB = YES;
				ENABLE_PREVIEWS = YES;
				GENERATE_INFOPLIST_FILE = YES;
				INFOPLIST_KEY_NSLocationWhenInUseUsageDescription = "Meteocatalf uses your location to show the weather stations closest to you and to place you on the radar map.";
				INFOPLIST_KEY_UIApplicationSceneManifest_Generation = YES;
				INFOPLIST_KEY_UIApplicationSupportsIndirectInputEvents = YES;
				INFOPLIST_KEY_UILaunchScreen_Generation = YES;
				INFOPLIST_KEY_UISupportedInterfaceOrientations_iPad = "UIInterfaceOrientationPortrait UIInterfaceOrientationPortraitUpsideDown UIInterfaceOrientationLandscapeLeft UIInterfaceOrientationLandscapeRight";
				INFOPLIST_KEY_UISupportedInterfaceOrientations_iPhone = "UIInterfaceOrientationPortrait UIInterfaceOrientationLandscapeLeft UIInterfaceOrientationLandscapeRight";
				IPHONEOS_DEPLOYMENT_TARGET = 18.0;
				LD_RUNPATH_SEARCH_PATHS = (
					"$(inherited)",
					"@executable_path/Frameworks",
				);
				MARKETING_VERSION = 1.0;
				PRODUCT_BUNDLE_IDENTIFIER = com.pskmoons.meteocat;
				PRODUCT_NAME = "$(TARGET_NAME)";
				PROVISIONING_PROFILE_SPECIFIER = "";
				SWIFT_EMIT_LOC_STRINGS = YES;
				SWIFT_VERSION = 5.0;
				TARGETED_DEVICE_FAMILY = "1,2";
			};
			name = Debug;
		};
		50EF9FCA2CD3846D0066CAAE /* Release */ = {
			isa = XCBuildConfiguration;
			buildSettings = {
				ASSETCATALOG_COMPILER_APPICON_NAME = AppIcon;
				ASSETCATALOG_COMPILER_GLOBAL_ACCENT_COLOR_NAME = AccentColor;
				CODE_SIGN_ENTITLEMENTS = meteocatalf/meteocatalf.entitlements;
				CODE_SIGN_IDENTITY = "Apple Development";
				CODE_SIGN_STYLE = Automatic;
				CURRENT_PROJECT_VERSION = 1;
				DEVELOPMENT_ASSET_PATHS = "\"meteocatalf/Preview Content\"";
				DEVELOPMENT_TEAM = HL99S7U2Q3;
				ENABLE_DEBUG_DYLIB = YES;
				ENABLE_PREVIEWS = YES;
				GENERATE_INFOPLIST_FILE = YES;
				INFOPLIST_KEY_NSLocationWhenInUseUsageDescription = "Meteocatalf uses your location to show the weather stations closest to you and to place you on the radar map.";
				INFOPLIST_KEY_UIApplicationSceneManifest_Generation = YES;
				INFOPLIST_KEY_UIApplicationSupportsIndirectInputEvents = YES;
				INFOPLIST_KEY_UILaunchScreen_Generation = YES;
				INFOPLIST_KEY_UISupportedInterfaceOrientations_iPad = "UIInterfaceOrientationPortrait UIInterfaceOrientationPortraitUpsideDown UIInterfaceOrientationLandscapeLeft UIInterfaceOrientationLandscapeRight";
				INFOPLIST_KEY_UISupportedInterfaceOrientations_iPhone = "UIInterfaceOrientationPortrait UIInterfaceOrientationLandscapeLeft UIInterfaceOrientationLandscapeRight";
				IPHONEOS_DEPLOYMENT_TARGET = 18.0;
				LD_RUNPATH_SEARCH_PATHS = (
					"$(inherited)",
					"@executable_path/Frameworks",
				);
				MARKETING_VERSION = 1.0;
				PRODUCT_BUNDLE_IDENTIFIER = com.pskmoons.meteocat;
				PRODUCT_NAME = "$(TARGET_NAME)";
				PROVISIONING_PROFILE_SPECIFIER = "";
				SWIFT_EMIT_LOC_STRINGS = YES;
				SWIFT_VERSION = 5.0;
				TARGETED_DEVICE_FAMILY = "1,2";
			};
			name = Release;
		};
		7A3D100E2E9A000100C0FFEE /* Debug */ = {
			isa = XCBuildConfiguration;
			buildSettings = {
				CODE_SIGN_ENTITLEMENTS = meteocatalfWidget/meteocatalfWidget.entitlements;
				CODE_SIGN_STYLE = Automatic;
				CURRENT_PROJECT_VERSION = 1;
				DEVELOPMENT_TEAM = HL99S7U2Q3;
				ENABLE_PREVIEWS = YES;
				GENERATE_INFOPLIST_FILE = YES;
				INFOPLIST_FILE = meteocatalfWidget/Info.plist;
				INFOPLIST_KEY_CFBundleDisplayName = Meteocatalf;
				INFOPLIST_KEY_NSHumanReadableCopyright = "";
				IPHONEOS_DEPLOYMENT_TARGET = 18.0;
				LD_RUNPATH_SEARCH_PATHS = (
					"$(inherited)",
					"@executable_path/Frameworks",
					"@executable_path/../../Frameworks",
				);
				MARKETING_VERSION = 1.0;
				PRODUCT_BUNDLE_IDENTIFIER = com.pskmoons.meteocat.widget;
				PRODUCT_NAME = "$(TARGET_NAME)";
				SDKROOT = iphoneos;
				SKIP_INSTALL = YES;
				SWIFT_EMIT_LOC_STRINGS = YES;
				SWIFT_VERSION = 5.0;
				TARGETED_DEVICE_FAMILY = "1,2";
			};
			name = Debug;
		};
		7A3D100F2E9A000100C0FFEE /* Release */ = {
			isa = XCBuildConfiguration;
			buildSettings = {
				CODE_SIGN_ENTITLEMENTS = meteocatalfWidget/meteocatalfWidget.entitlements;
				CODE_SIGN_STYLE = Automatic;
				CURRENT_PROJECT_VERSION = 1;
				DEVELOPMENT_TEAM = HL99S7U2Q3;
				ENABLE_PREVIEWS = YES;
				GENERATE_INFOPLIST_FILE = YES;
				INFOPLIST_FILE = meteocatalfWidget/Info.plist;
				INFOPLIST_KEY_CFBundleDisplayName = Meteocatalf;
				INFOPLIST_KEY_NSHumanReadableCopyright = "";
				IPHONEOS_DEPLOYMENT_TARGET = 18.0;
				LD_RUNPATH_SEARCH_PATHS = (
					"$(inherited)",
					"@executable_path/Frameworks",
					"@executable_path/../../Frameworks",
				);
				MARKETING_VERSION = 1.0;
				PRODUCT_BUNDLE_IDENTIFIER = com.pskmoons.meteocat.widget;
				PRODUCT_NAME = "$(TARGET_NAME)";
				SDKROOT = iphoneos;
				SKIP_INSTALL = YES;
				SWIFT_EMIT_LOC_STRINGS = YES;
				SWIFT_VERSION = 5.0;
				TARGETED_DEVICE_FAMILY = "1,2";
				VALIDATE_PRODUCT = YES;
			};
			name = Release;
		};
		C2FA8D54AF71B4B446E3260B /* Release */ = {
			isa = XCBuildConfiguration;
			buildSettings = {
				BUNDLE_LOADER = "$(TEST_HOST)";
				CLANG_ENABLE_OBJC_WEAK = NO;
				CODE_SIGN_STYLE = Automatic;
				DEVELOPMENT_TEAM = HL99S7U2Q3;
				GENERATE_INFOPLIST_FILE = YES;
				IPHONEOS_DEPLOYMENT_TARGET = 18.0;
				PRODUCT_BUNDLE_IDENTIFIER = com.pskmoons.meteocatTests;
				PRODUCT_NAME = "$(TARGET_NAME)";
				SDKROOT = iphoneos;
				SWIFT_VERSION = 5.0;
				TARGETED_DEVICE_FAMILY = "1,2";
				TEST_HOST = "$(BUILT_PRODUCTS_DIR)/meteocatalf.app/$(BUNDLE_EXECUTABLE_FOLDER_PATH)/meteocatalf";
				VALIDATE_PRODUCT = YES;
			};
			name = Release;
		};
/* End XCBuildConfiguration section */

/* Begin XCConfigurationList section */
		50EF9FB32CD3846B0066CAAE /* Build configuration list for PBXProject "meteocatalf" */ = {
			isa = XCConfigurationList;
			buildConfigurations = (
				50EF9FC62CD3846D0066CAAE /* Debug */,
				50EF9FC72CD3846D0066CAAE /* Release */,
			);
			defaultConfigurationIsVisible = 0;
			defaultConfigurationName = Release;
		};
		50EF9FC82CD3846D0066CAAE /* Build configuration list for PBXNativeTarget "meteocatalf" */ = {
			isa = XCConfigurationList;
			buildConfigurations = (
				50EF9FC92CD3846D0066CAAE /* Debug */,
				50EF9FCA2CD3846D0066CAAE /* Release */,
			);
			defaultConfigurationIsVisible = 0;
			defaultConfigurationName = Release;
		};
		7A3D100D2E9A000100C0FFEE /* Build configuration list for PBXNativeTarget "meteocatalfWidget" */ = {
			isa = XCConfigurationList;
			buildConfigurations = (
				7A3D100E2E9A000100C0FFEE /* Debug */,
				7A3D100F2E9A000100C0FFEE /* Release */,
			);
			defaultConfigurationIsVisible = 0;
			defaultConfigurationName = Release;
		};
		8D267B0A4C703B581C94BCF6 /* Build configuration list for PBXNativeTarget "meteocatalfTests" */ = {
			isa = XCConfigurationList;
			buildConfigurations = (
				C2FA8D54AF71B4B446E3260B /* Release */,
				33B4354AD1341B1B160792E2 /* Debug */,
			);
			defaultConfigurationIsVisible = 0;
			defaultConfigurationName = Release;
		};
/* End XCConfigurationList section */

/* Begin XCRemoteSwiftPackageReference section */
		5021854D2E85859000E6F003 /* XCRemoteSwiftPackageReference "firebase-ios-sdk" */ = {
			isa = XCRemoteSwiftPackageReference;
			repositoryURL = "https://github.com/firebase/firebase-ios-sdk";
			requirement = {
				kind = upToNextMajorVersion;
				minimumVersion = 12.3.0;
			};
		};
		504ECD3B2DE84CA100C95D80 /* XCRemoteSwiftPackageReference "Alfy" */ = {
			isa = XCRemoteSwiftPackageReference;
			repositoryURL = "https://github.com/vilapuigvila/Alfy.git";
			requirement = {
				branch = develop;
				kind = branch;
			};
		};
		7A3D10102E9A000100C0FFEE /* XCRemoteSwiftPackageReference "SwiftSoup" */ = {
			isa = XCRemoteSwiftPackageReference;
			repositoryURL = "https://github.com/scinfu/SwiftSoup.git";
			requirement = {
				kind = upToNextMajorVersion;
				minimumVersion = 2.13.9;
			};
		};
/* End XCRemoteSwiftPackageReference section */

/* Begin XCSwiftPackageProductDependency section */
		5021854E2E85859000E6F003 /* FirebaseAnalytics */ = {
			isa = XCSwiftPackageProductDependency;
			package = 5021854D2E85859000E6F003 /* XCRemoteSwiftPackageReference "firebase-ios-sdk" */;
			productName = FirebaseAnalytics;
		};
		502185502E85859000E6F003 /* FirebaseCrashlytics */ = {
			isa = XCSwiftPackageProductDependency;
			package = 5021854D2E85859000E6F003 /* XCRemoteSwiftPackageReference "firebase-ios-sdk" */;
			productName = FirebaseCrashlytics;
		};
		502185522E85859000E6F003 /* FirebaseRemoteConfig */ = {
			isa = XCSwiftPackageProductDependency;
			package = 5021854D2E85859000E6F003 /* XCRemoteSwiftPackageReference "firebase-ios-sdk" */;
			productName = FirebaseRemoteConfig;
		};
		504ECD3C2DE84CA100C95D80 /* Alfy */ = {
			isa = XCSwiftPackageProductDependency;
			package = 504ECD3B2DE84CA100C95D80 /* XCRemoteSwiftPackageReference "Alfy" */;
			productName = Alfy;
		};
		7A3D10112E9A000100C0FFEE /* SwiftSoup */ = {
			isa = XCSwiftPackageProductDependency;
			package = 7A3D10102E9A000100C0FFEE /* XCRemoteSwiftPackageReference "SwiftSoup" */;
			productName = SwiftSoup;
		};
/* End XCSwiftPackageProductDependency section */
	};
	rootObject = 50EF9FB02CD3846B0066CAAE /* Project object */;
}
